{
  "meteor": {},
  "dependencies": {
    "basePackages": {
      "leaflet": {},
      "bootstrap3-less": {}
    },
    "packages": {
      "leaflet": {
        "git": "https://github.com/bevanhunt/meteor-leaflet.git",
        "tag": "v0.1.8",
        "commit": "8a3d0f53734e4fe3efc3e6e39aa3da0209e2ec8e"
      },
      "bootstrap3-less": {
        "git": "https://github.com/eprochasson/bootstrap3-less",
        "tag": "v0.1.8",
        "commit": "48b6db4435d9f01a1fcfe694a180b38e8e38835b"
      }
    }
  }
}
